// !$*UTF8*$!
{
	archiveVersion = 1;
	classes = {
	};
	objectVersion = 55;
	objects = {

/* Begin PBXBuildFile section */
		5F020F1527988282004E1010 /* AppDelegate.swift in Sources */ = {isa = PBXBuildFile; fileRef = 5F020F1427988282004E1010 /* AppDelegate.swift */; };
		5F020F1727988282004E1010 /* SceneDelegate.swift in Sources */ = {isa = PBXBuildFile; fileRef = 5F020F1627988282004E1010 /* SceneDelegate.swift */; };
		5F020F1C27988282004E1010 /* Main.storyboard in Resources */ = {isa = PBXBuildFile; fileRef = 5F020F1A27988282004E1010 /* Main.storyboard */; };
		5F020F1E27988285004E1010 /* Assets.xcassets in Resources */ = {isa = PBXBuildFile; fileRef = 5F020F1D27988285004E1010 /* Assets.xcassets */; };
		5F020F2127988285004E1010 /* LaunchScreen.storyboard in Resources */ = {isa = PBXBuildFile; fileRef = 5F020F1F27988285004E1010 /* LaunchScreen.storyboard */; };
		5F020F292798848D004E1010 /* TableViewController.swift in Sources */ = {isa = PBXBuildFile; fileRef = 5F020F282798848D004E1010 /* TableViewController.swift */; };
		5F020F2B279885B5004E1010 /* InfoViewController.swift in Sources */ = {isa = PBXBuildFile; fileRef = 5F020F2A279885B5004E1010 /* InfoViewController.swift */; };
		5F020F2D2798861B004E1010 /* NetworkingManager.swift in Sources */ = {isa = PBXBuildFile; fileRef = 5F020F2C2798861B004E1010 /* NetworkingManager.swift */; };
		5F020F2F27988657004E1010 /* MemsModel.swift in Sources */ = {isa = PBXBuildFile; fileRef = 5F020F2E27988657004E1010 /* MemsModel.swift */; };
		5F020F3127996DE9004E1010 /* TableViewCell.swift in Sources */ = {isa = PBXBuildFile; fileRef = 5F020F3027996DE9004E1010 /* TableViewCell.swift */; };
		F4C092EAB47CC3217709C3EA /* Pods_Public_API_App_v2.framework in Frameworks */ = {isa = PBXBuildFile; fileRef = F4872C6B9AA6FC37136C1E4D /* Pods_Public_API_App_v2.framework */; };
/* End PBXBuildFile section */

/* Begin PBXFileReference section */
		25B6CAEEAB5AF4732140CE5A /* Pods-Public API App v2.debug.xcconfig */ = {isa = PBXFileReference; includeInIndex = 1; lastKnownFileType = text.xcconfig; name = "Pods-Public API App v2.debug.xcconfig"; path = "Target Support Files/Pods-Public API App v2/Pods-Public API App v2.debug.xcconfig"; sourceTree = "<group>"; };
		5D7DA1088727D82182078433 /* Pods-Public API App v2.release.xcconfig */ = {isa = PBXFileReference; includeInIndex = 1; lastKnownFileType = text.xcconfig; name = "Pods-Public API App v2.release.xcconfig"; path = "Target Support Files/Pods-Public API App v2/Pods-Public API App v2.release.xcconfig"; sourceTree = "<group>"; };
		5F020F1127988282004E1010 /* Public API App v2.app */ = {isa = PBXFileReference; explicitFileType = wrapper.application; includeInIndex = 0; path = "Public API App v2.app"; sourceTree = BUILT_PRODUCTS_DIR; };
		5F020F1427988282004E1010 /* AppDelegate.swift */ = {isa = PBXFileReference; lastKnownFileType = sourcecode.swift; path = AppDelegate.swift; sourceTree = "<group>"; };
		5F020F1627988282004E1010 /* SceneDelegate.swift */ = {isa = PBXFileReference; lastKnownFileType = sourcecode.swift; path = SceneDelegate.swift; sourceTree = "<group>"; };
		5F020F1B27988282004E1010 /* Base */ = {isa = PBXFileReference; lastKnownFileType = file.storyboard; name = Base; path = Base.lproj/Main.storyboard; sourceTree = "<group>"; };
		5F020F1D27988285004E1010 /* Assets.xcassets */ = {isa = PBXFileReference; lastKnownFileType = folder.assetcatalog; path = Assets.xcassets; sourceTree = "<group>"; };
		5F020F2027988285004E1010 /* Base */ = {isa = PBXFileReference; lastKnownFileType = file.storyboard; name = Base; path = Base.lproj/LaunchScreen.storyboard; sourceTree = "<group>"; };
		5F020F2227988285004E1010 /* Info.plist */ = {isa = PBXFileReference; lastKnownFileType = text.plist.xml; path = Info.plist; sourceTree = "<group>"; };
		5F020F282798848D004E1010 /* TableViewController.swift */ = {isa = PBXFileReference; lastKnownFileType = sourcecode.swift; path = TableViewController.swift; sourceTree = "<group>"; };
		5F020F2A279885B5004E1010 /* InfoViewController.swift */ = {isa = PBXFileReference; lastKnownFileType = sourcecode.swift; path = InfoViewController.swift; sourceTree = "<group>"; };
		5F020F2C2798861B004E1010 /* NetworkingManager.swift */ = {isa = PBXFileReference; lastKnownFileType = sourcecode.swift; path = NetworkingManager.swift; sourceTree = "<group>"; };
		5F020F2E27988657004E1010 /* MemsModel.swift */ = {isa = PBXFileReference; lastKnownFileType = sourcecode.swift; path = MemsModel.swift; sourceTree = "<group>"; };
		5F020F3027996DE9004E1010 /* TableViewCell.swift */ = {isa = PBXFileReference; lastKnownFileType = sourcecode.swift; path = TableViewCell.swift; sourceTree = "<group>"; };
		F4872C6B9AA6FC37136C1E4D /* Pods_Public_API_App_v2.framework */ = {isa = PBXFileReference; explicitFileType = wrapper.framework; includeInIndex = 0; path = Pods_Public_API_App_v2.framework; sourceTree = BUILT_PRODUCTS_DIR; };
/* End PBXFileReference section */

/* Begin PBXFrameworksBuildPhase section */
		5F020F0E27988282004E1010 /* Frameworks */ = {
			isa = PBXFrameworksBuildPhase;
			buildActionMask = 2147483647;
			files = (
				F4C092EAB47CC3217709C3EA /* Pods_Public_API_App_v2.framework in Frameworks */,
			);
			runOnlyForDeploymentPostprocessing = 0;
		};
/* End PBXFrameworksBuildPhase section */

/* Begin PBXGroup section */
		1232947786FD69395849207A /* Frameworks */ = {
			isa = PBXGroup;
			children = (
				F4872C6B9AA6FC37136C1E4D /* Pods_Public_API_App_v2.framework */,
			);
			name = Frameworks;
			sourceTree = "<group>";
		};
		5F020F0827988282004E1010 = {
			isa = PBXGroup;
			children = (
				5F020F1327988282004E1010 /* Public API App v2 */,
				5F020F1227988282004E1010 /* Products */,
				AC50B8EF0EABEFFF1C9D0B2F /* Pods */,
				1232947786FD69395849207A /* Frameworks */,
			);
			sourceTree = "<group>";
		};
		5F020F1227988282004E1010 /* Products */ = {
			isa = PBXGroup;
			children = (
				5F020F1127988282004E1010 /* Public API App v2.app */,
			);
			name = Products;
			sourceTree = "<group>";
		};
		5F020F1327988282004E1010 /* Public API App v2 */ = {
			isa = PBXGroup;
			children = (
				5F020F1427988282004E1010 /* AppDelegate.swift */,
				5F020F1627988282004E1010 /* SceneDelegate.swift */,
				5F020F1A27988282004E1010 /* Main.storyboard */,
				5F020F1D27988285004E1010 /* Assets.xcassets */,
				5F020F1F27988285004E1010 /* LaunchScreen.storyboard */,
				5F020F2227988285004E1010 /* Info.plist */,
				5F020F282798848D004E1010 /* TableViewController.swift */,
				5F020F2A279885B5004E1010 /* InfoViewController.swift */,
				5F020F2C2798861B004E1010 /* NetworkingManager.swift */,
				5F020F2E27988657004E1010 /* MemsModel.swift */,
				5F020F3027996DE9004E1010 /* TableViewCell.swift */,
			);
			path = "Public API App v2";
			sourceTree = "<group>";
		};
		AC50B8EF0EABEFFF1C9D0B2F /* Pods */ = {
			isa = PBXGroup;
			children = (
				25B6CAEEAB5AF4732140CE5A /* Pods-Public API App v2.debug.xcconfig */,
				5D7DA1088727D82182078433 /* Pods-Public API App v2.release.xcconfig */,
			);
			path = Pods;
			sourceTree = "<group>";
		};
/* End PBXGroup section */

/* Begin PBXNativeTarget section */
		5F020F1027988282004E1010 /* Public API App v2 */ = {
			isa = PBXNativeTarget;
			buildConfigurationList = 5F020F2527988285004E1010 /* Build configuration list for PBXNativeTarget "Public API App v2" */;
			buildPhases = (
				6F5A4CEE59B80745CB16CC63 /* [CP] Check Pods Manifest.lock */,
				5F020F0D27988282004E1010 /* Sources */,
				5F020F0E27988282004E1010 /* Frameworks */,
				5F020F0F27988282004E1010 /* Resources */,
				86C89E45871FAE4C9E12344D /* [CP] Embed Pods Frameworks */,
			);
			buildRules = (
			);
			dependencies = (
			);
			name = "Public API App v2";
			productName = "Public API App v2";
			productReference = 5F020F1127988282004E1010 /* Public API App v2.app */;
			productType = "com.apple.product-type.application";
		};
/* End PBXNativeTarget section */

/* Begin PBXProject section */
		5F020F0927988282004E1010 /* Project object */ = {
			isa = PBXProject;
			attributes = {
				BuildIndependentTargetsInParallel = 1;
				LastSwiftUpdateCheck = 1320;
				LastUpgradeCheck = 1320;
				TargetAttributes = {
					5F020F1027988282004E1010 = {
						CreatedOnToolsVersion = 13.2.1;
					};
				};
			};
			buildConfigurationList = 5F020F0C27988282004E1010 /* Build configuration list for PBXProject "Public API App v2" */;
			compatibilityVersion = "Xcode 13.0";
			developmentRegion = en;
			hasScannedForEncodings = 0;
			knownRegions = (
				en,
				Base,
			);
			mainGroup = 5F020F0827988282004E1010;
			productRefGroup = 5F020F1227988282004E1010 /* Products */;
			projectDirPath = "";
			projectRoot = "";
			targets = (
				5F020F1027988282004E1010 /* Public API App v2 */,
			);
		};
/* End PBXProject section */

/* Begin PBXResourcesBuildPhase section */
		5F020F0F27988282004E1010 /* Resources */ = {
			isa = PBXResourcesBuildPhase;
			buildActionMask = 2147483647;
			files = (
				5F020F2127988285004E1010 /* LaunchScreen.storyboard in Resources */,
				5F020F1E27988285004E1010 /* Assets.xcassets in Resources */,
				5F020F1C27988282004E1010 /* Main.storyboard in Resources */,
			);
			runOnlyForDeploymentPostprocessing = 0;
		};
/* End PBXResourcesBuildPhase section */

/* Begin PBXShellScriptBuildPhase section */
		6F5A4CEE59B80745CB16CC63 /* [CP] Check Pods Manifest.lock */ = {
			isa = PBXShellScriptBuildPhase;
			buildActionMask = 2147483647;
			files = (
			);
			inputFileListPaths = (
			);
			inputPaths = (
				"${PODS_PODFILE_DIR_PATH}/Podfile.lock",
				"${PODS_ROOT}/Manifest.lock",
			);
			name = "[CP] Check Pods Manifest.lock";
			outputFileListPaths = (
			);
			outputPaths = (
				"$(DERIVED_FILE_DIR)/Pods-Public API App v2-checkManifestLockResult.txt",
			);
			runOnlyForDeploymentPostprocessing = 0;
			shellPath = /bin/sh;
			shellScript = "diff \"${PODS_PODFILE_DIR_PATH}/Podfile.lock\" \"${PODS_ROOT}/Manifest.lock\" > /dev/null\nif [ $? != 0 ] ; then\n    # print error to STDERR\n    echo \"error: The sandbox is not in sync with the Podfile.lock. Run 'pod install' or update your CocoaPods installation.\" >&2\n    exit 1\nfi\n# This output is used by Xcode 'outputs' to avoid re-running this script phase.\necho \"SUCCESS\" > \"${SCRIPT_OUTPUT_FILE_0}\"\n";
			showEnvVarsInLog = 0;
		};
		86C89E45871FAE4C9E12344D /* [CP] Embed Pods Frameworks */ = {
			isa = PBXShellScriptBuildPhase;
			buildActionMask = 2147483647;
			files = (
			);
			inputFileListPaths = (
				"${PODS_ROOT}/Target Support Files/Pods-Public API App v2/Pods-Public API App v2-frameworks-${CONFIGURATION}-input-files.xcfilelist",
			);
			name = "[CP] Embed Pods Frameworks";
			outputFileListPaths = (
				"${PODS_ROOT}/Target Support Files/Pods-Public API App v2/Pods-Public API App v2-frameworks-${CONFIGURATION}-output-files.xcfilelist",
			);
			runOnlyForDeploymentPostprocessing = 0;
			shellPath = /bin/sh;
			shellScript = "\"${PODS_ROOT}/Target Support Files/Pods-Public API App v2/Pods-Public API App v2-frameworks.sh\"\n";
			showEnvVarsInLog = 0;
		};
/* End PBXShellScriptBuildPhase section */

/* Begin PBXSourcesBuildPhase section */
		5F020F0D27988282004E1010 /* Sources */ = {
			isa = PBXSourcesBuildPhase;
			buildActionMask = 2147483647;
			files = (
				5F020F1527988282004E1010 /* AppDelegate.swift in Sources */,
				5F020F292798848D004E1010 /* TableViewController.swift in Sources */,
				5F020F2B279885B5004E1010 /* InfoViewController.swift in Sources */,
				5F020F2D2798861B004E1010 /* NetworkingManager.swift in Sources */,
				5F020F1727988282004E1010 /* SceneDelegate.swift in Sources */,
				5F020F3127996DE9004E1010 /* TableViewCell.swift in Sources */,
				5F020F2F27988657004E1010 /* MemsModel.swift in Sources */,
			);
			runOnlyForDeploymentPostprocessing = 0;
		};
/* End PBXSourcesBuildPhase section */

/* Begin PBXVariantGroup section */
		5F020F1A27988282004E1010 /* Main.storyboard */ = {
			isa = PBXVariantGroup;
			children = (
				5F020F1B27988282004E1010 /* Base */,
			);
			name = Main.storyboard;
			sourceTree = "<group>";
		};
		5F020F1F27988285004E1010 /* LaunchScreen.storyboard */ = {
			isa = PBXVariantGroup;
			children = (
				5F020F2027988285004E1010 /* Base */,
			);
			name = LaunchScreen.storyboard;
			sourceTree = "<group>";
		};
/* End PBXVariantGroup section */

/* Begin XCBuildConfiguration section */
		5F020F2327988285004E1010 /* Debug */ = {
			isa = XCBuildConfiguration;
			buildSettings = {
				ALWAYS_SEARCH_USER_PATHS = NO;
				CLANG_ANALYZER_NONNULL = YES;
				CLANG_ANALYZER_NUMBER_OBJECT_CONVERSION = YES_AGGRESSIVE;
				CLANG_CXX_LANGUAGE_STANDARD = "gnu++17";
				CLANG_CXX_LIBRARY = "libc++";
				CLANG_ENABLE_MODULES = YES;
				CLANG_ENABLE_OBJC_ARC = YES;
				CLANG_ENABLE_OBJC_WEAK = YES;
				CLANG_WARN_BLOCK_CAPTURE_AUTORELEASING = YES;
				CLANG_WARN_BOOL_CONVERSION = YES;
				CLANG_WARN_COMMA = YES;
				CLANG_WARN_CONSTANT_CONVERSION = YES;
				CLANG_WARN_DEPRECATED_OBJC_IMPLEMENTATIONS = YES;
				CLANG_WARN_DIRECT_OBJC_ISA_USAGE = YES_ERROR;
				CLANG_WARN_DOCUMENTATION_COMMENTS = YES;
				CLANG_WARN_EMPTY_BODY = YES;
				CLANG_WARN_ENUM_CONVERSION = YES;
				CLANG_WARN_INFINITE_RECURSION = YES;
				CLANG_WARN_INT_CONVERSION = YES;
				CLANG_WARN_NON_LITERAL_NULL_CONVERSION = YES;
				CLANG_WARN_OBJC_IMPLICIT_RETAIN_SELF = YES;
				CLANG_WARN_OBJC_LITERAL_CONVERSION = YES;
				CLANG_WARN_OBJC_ROOT_CLASS = YES_ERROR;
				CLANG_WARN_QUOTED_INCLUDE_IN_FRAMEWORK_HEADER = YES;
				CLANG_WARN_RANGE_LOOP_ANALYSIS = YES;
				CLANG_WARN_STRICT_PROTOTYPES = YES;
				CLANG_WARN_SUSPICIOUS_MOVE = YES;
				CLANG_WARN_UNGUARDED_AVAILABILITY = YES_AGGRESSIVE;
				CLANG_WARN_UNREACHABLE_CODE = YES;
				CLANG_WARN__DUPLICATE_METHOD_MATCH = YES;
				COPY_PHASE_STRIP = NO;
				DEBUG_INFORMATION_FORMAT = dwarf;
				ENABLE_STRICT_OBJC_MSGSEND = YES;
				ENABLE_TESTABILITY = YES;
				GCC_C_LANGUAGE_STANDARD = gnu11;
				GCC_DYNAMIC_NO_PIC = NO;
				GCC_NO_COMMON_BLOCKS = YES;
				GCC_OPTIMIZATION_LEVEL = 0;
				GCC_PREPROCESSOR_DEFINITIONS = (
					"DEBUG=1",
					"$(inherited)",
				);
				GCC_WARN_64_TO_32_BIT_CONVERSION = YES;
				GCC_WARN_ABOUT_RETURN_TYPE = YES_ERROR;
				GCC_WARN_UNDECLARED_SELECTOR = YES;
				GCC_WARN_UNINITIALIZED_AUTOS = YES_AGGRESSIVE;
				GCC_WARN_UNUSED_FUNCTION = YES;
				GCC_WARN_UNUSED_VARIABLE = YES;
				IPHONEOS_DEPLOYMENT_TARGET = 15.2;
				MTL_ENABLE_DEBUG_INFO = INCLUDE_SOURCE;
				MTL_FAST_MATH = YES;
				ONLY_ACTIVE_ARCH = YES;
				SDKROOT = iphoneos;
				SWIFT_ACTIVE_COMPILATION_CONDITIONS = DEBUG;
				SWIFT_OPTIMIZATION_LEVEL = "-Onone";
			};
			name = Debug;
		};
		5F020F2427988285004E1010 /* Release */ = {
			isa = XCBuildConfiguration;
			buildSettings = {
				ALWAYS_SEARCH_USER_PATHS = NO;
				CLANG_ANALYZER_NONNULL = YES;
				CLANG_ANALYZER_NUMBER_OBJECT_CONVERSION = YES_AGGRESSIVE;
				CLANG_CXX_LANGUAGE_STANDARD = "gnu++17";
				CLANG_CXX_LIBRARY = "libc++";
				CLANG_ENABLE_MODULES = YES;
				CLANG_ENABLE_OBJC_ARC = YES;
				CLANG_ENABLE_OBJC_WEAK = YES;
				CLANG_WARN_BLOCK_CAPTURE_AUTORELEASING = YES;
				CLANG_WARN_BOOL_CONVERSION = YES;
				CLANG_WARN_COMMA = YES;
				CLANG_WARN_CONSTANT_CONVERSION = YES;
				CLANG_WARN_DEPRECATED_OBJC_IMPLEMENTATIONS = YES;
				CLANG_WARN_DIRECT_OBJC_ISA_USAGE = YES_ERROR;
				CLANG_WARN_DOCUMENTATION_COMMENTS = YES;
				CLANG_WARN_EMPTY_BODY = YES;
				CLANG_WARN_ENUM_CONVERSION = YES;
				CLANG_WARN_INFINITE_RECURSION = YES;
				CLANG_WARN_INT_CONVERSION = YES;
				CLANG_WARN_NON_LITERAL_NULL_CONVERSION = YES;
				CLANG_WARN_OBJC_IMPLICIT_RETAIN_SELF = YES;
				CLANG_WARN_OBJC_LITERAL_CONVERSION = YES;
				CLANG_WARN_OBJC_ROOT_CLASS = YES_ERROR;
				CLANG_WARN_QUOTED_INCLUDE_IN_FRAMEWORK_HEADER = YES;
				CLANG_WARN_RANGE_LOOP_ANALYSIS = YES;
				CLANG_WARN_STRICT_PROTOTYPES = YES;
				CLANG_WARN_SUSPICIOUS_MOVE = YES;
				CLANG_WARN_UNGUARDED_AVAILABILITY = YES_AGGRESSIVE;
				CLANG_WARN_UNREACHABLE_CODE = YES;
				CLANG_WARN__DUPLICATE_METHOD_MATCH = YES;
				COPY_PHASE_STRIP = NO;
				DEBUG_INFORMATION_FORMAT = "dwarf-with-dsym";
				ENABLE_NS_ASSERTIONS = NO;
				ENABLE_STRICT_OBJC_MSGSEND = YES;
				GCC_C_LANGUAGE_STANDARD = gnu11;
				GCC_NO_COMMON_BLOCKS = YES;
				GCC_WARN_64_TO_32_BIT_CONVERSION = YES;
				GCC_WARN_ABOUT_RETURN_TYPE = YES_ERROR;
				GCC_WARN_UNDECLARED_SELECTOR = YES;
				GCC_WARN_UNINITIALIZED_AUTOS = YES_AGGRESSIVE;
				GCC_WARN_UNUSED_FUNCTION = YES;
				GCC_WARN_UNUSED_VARIABLE = YES;
				IPHONEOS_DEPLOYMENT_TARGET = 15.2;
				MTL_ENABLE_DEBUG_INFO = NO;
				MTL_FAST_MATH = YES;
				SDKROOT = iphoneos;
				SWIFT_COMPILATION_MODE = wholemodule;
				SWIFT_OPTIMIZATION_LEVEL = "-O";
				VALIDATE_PRODUCT = YES;
			};
			name = Release;
		};
		5F020F2627988285004E1010 /* Debug */ = {
			isa = XCBuildConfiguration;
			baseConfigurationReference = 25B6CAEEAB5AF4732140CE5A /* Pods-Public API App v2.debug.xcconfig */;
			buildSettings = {
				ASSETCATALOG_COMPILER_APPICON_NAME = AppIcon;
				ASSETCATALOG_COMPILER_GLOBAL_ACCENT_COLOR_NAME = AccentColor;
				CODE_SIGN_STYLE = Automatic;
				CURRENT_PROJECT_VERSION = 1;
				DEVELOPMENT_TEAM = 8JUQRQTM2T;
				GENERATE_INFOPLIST_FILE = YES;
				INFOPLIST_FILE = "Public API App v2/Info.plist";
				INFOPLIST_KEY_UIApplicationSupportsIndirectInputEvents = YES;
				INFOPLIST_KEY_UILaunchStoryboardName = LaunchScreen;
				INFOPLIST_KEY_UIMainStoryboardFile = Main;
				INFOPLIST_KEY_UISupportedInterfaceOrientations_iPad = "UIInterfaceOrientationPortrait UIInterfaceOrientationPortraitUpsideDown UIInterfaceOrientationLandscapeLeft UIInterfaceOrientationLandscapeRight";
				INFOPLIST_KEY_UISupportedInterfaceOrientations_iPhone = "UIInterfaceOrientationPortrait UIInterfaceOrientationLandscapeLeft UIInterfaceOrientationLandscapeRight";
				LD_RUNPATH_SEARCH_PATHS = (
					"$(inherited)",
					"@executable_path/Frameworks",
				);
				MARKETING_VERSION = 1.0;
				PRODUCT_BUNDLE_IDENTIFIER = "chop.Public-API-App-v2";
				PRODUCT_NAME = "$(TARGET_NAME)";
				SWIFT_EMIT_LOC_STRINGS = YES;
				SWIFT_VERSION = 5.0;
				TARGETED_DEVICE_FAMILY = "1,2";
			};
			name = Debug;
		};
		5F020F2727988285004E1010 /* Release */ = {
			isa = XCBuildConfiguration;
			baseConfigurationReference = 5D7DA1088727D82182078433 /* Pods-Public API App v2.release.xcconfig */;
			buildSettings = {
				ASSETCATALOG_COMPILER_APPICON_NAME = AppIcon;
				ASSETCATALOG_COMPILER_GLOBAL_ACCENT_COLOR_NAME = AccentColor;
				CODE_SIGN_STYLE = Automatic;
				CURRENT_PROJECT_VERSION = 1;
				DEVELOPMENT_TEAM = 8JUQRQTM2T;
				GENERATE_INFOPLIST_FILE = YES;
				INFOPLIST_FILE = "Public API App v2/Info.plist";
				INFOPLIST_KEY_UIApplicationSupportsIndirectInputEvents = YES;
				INFOPLIST_KEY_UILaunchStoryboardName = LaunchScreen;
				INFOPLIST_KEY_UIMainStoryboardFile = Main;
				INFOPLIST_KEY_UISupportedInterfaceOrientations_iPad = "UIInterfaceOrientationPortrait UIInterfaceOrientationPortraitUpsideDown UIInterfaceOrientationLandscapeLeft UIInterfaceOrientationLandscapeRight";
				INFOPLIST_KEY_UISupportedInterfaceOrientations_iPhone = "UIInterfaceOrientationPortrait UIInterfaceOrientationLandscapeLeft UIInterfaceOrientationLandscapeRight";
				LD_RUNPATH_SEARCH_PATHS = (
					"$(inherited)",
					"@executable_path/Frameworks",
				);
				MARKETING_VERSION = 1.0;
				PRODUCT_BUNDLE_IDENTIFIER = "chop.Public-API-App-v2";
				PRODUCT_NAME = "$(TARGET_NAME)";
				SWIFT_EMIT_LOC_STRINGS = YES;
				SWIFT_VERSION = 5.0;
				TARGETED_DEVICE_FAMILY = "1,2";
			};
			name = Release;
		};
/* End XCBuildConfiguration section */

/* Begin XCConfigurationList section */
		5F020F0C27988282004E1010 /* Build configuration list for PBXProject "Public API App v2" */ = {
			isa = XCConfigurationList;
			buildConfigurations = (
				5F020F2327988285004E1010 /* Debug */,
				5F020F2427988285004E1010 /* Release */,
			);
			defaultConfigurationIsVisible = 0;
			defaultConfigurationName = Release;
		};
		5F020F2527988285004E1010 /* Build configuration list for PBXNativeTarget "Public API App v2" */ = {
			isa = XCConfigurationList;
			buildConfigurations = (
				5F020F2627988285004E1010 /* Debug */,
				5F020F2727988285004E1010 /* Release */,
			);
			defaultConfigurationIsVisible = 0;
			defaultConfigurationName = Release;
		};
/* End XCConfigurationList section */
	};
	rootObject = 5F020F0927988282004E1010 /* Project object */;
}
